
Microsoft Visual Studio Solution File, Format Version 12.00
# Visual Studio Version 17
VisualStudioVersion = 17.4.33403.182
MinimumVisualStudioVersion = 10.0.40219.1
Project("{FAE04EC0-301F-11D3-BF4B-00C04F79EFBC}") = "EasyTodoApi", "EasyTodoApi\EasyTodoApi.csproj", "{35A61F61-99FC-428A-BED9-C3C44A276FF7}"
EndProject
Global
	GlobalSection(SolutionConfigurationPlatforms) = preSolution
		Debug|Any CPU = Debug|Any CPU
		Release|Any CPU = Release|Any CPU
	EndGlobalSection
	GlobalSection(ProjectConfigurationPlatforms) = postSolution
		{35A61F61-99FC-428A-BED9-C3C44A276FF7}.Debug|Any CPU.ActiveCfg = Debug|Any CPU
		{35A61F61-99FC-428A-BED9-C3C44A276FF7}.Debug|Any CPU.Build.0 = Debug|Any CPU
		{35A61F61-99FC-428A-BED9-C3C44A276FF7}.Release|Any CPU.ActiveCfg = Release|Any CPU
		{35A61F61-99FC-428A-BED9-C3C44A276FF7}.Release|Any CPU.Build.0 = Release|Any CPU
	EndGlobalSection
	GlobalSection(SolutionProperties) = preSolution
		HideSolutionNode = FALSE
	EndGlobalSection
	GlobalSection(ExtensibilityGlobals) = postSolution
		SolutionGuid = {A1F335EF-BA76-4165-A3C0-213FB2EDCEC2}
	EndGlobalSection
EndGlobal
